
Microsoft Visual Studio Solution File, Format Version 12.00
# Visual Studio Version 16
VisualStudioVersion = 16.0.30413.136
MinimumVisualStudioVersion = 10.0.40219.1
Project("{FAE04EC0-301F-11D3-BF4B-00C04F79EFBC}") = "Assignment", "Assignment.csproj", "{0385B583-E632-4B56-87B1-D5D0EFDEC52D}"
EndProject
Global
	GlobalSection(SolutionConfigurationPlatforms) = preSolution
		Debug|Any CPU = Debug|Any CPU
		Release|Any CPU = Release|Any CPU
	EndGlobalSection
	GlobalSection(ProjectConfigurationPlatforms) = postSolution
		{0385B583-E632-4B56-87B1-D5D0EFDEC52D}.Debug|Any CPU.ActiveCfg = Debug|Any CPU
		{0385B583-E632-4B56-87B1-D5D0EFDEC52D}.Debug|Any CPU.Build.0 = Debug|Any CPU
		{0385B583-E632-4B56-87B1-D5D0EFDEC52D}.Release|Any CPU.ActiveCfg = Release|Any CPU
		{0385B583-E632-4B56-87B1-D5D0EFDEC52D}.Release|Any CPU.Build.0 = Release|Any CPU
	EndGlobalSection
	GlobalSection(SolutionProperties) = preSolution
		HideSolutionNode = FALSE
	EndGlobalSection
	GlobalSection(ExtensibilityGlobals) = postSolution
		SolutionGuid = {738AB5D6-0111-4017-8EBA-F9DBAD8F9257}
	EndGlobalSection
EndGlobal
